
Microsoft Visual Studio Solution File, Format Version 12.00
# Visual Studio Version 17
VisualStudioVersion = 17.0.31903.59
MinimumVisualStudioVersion = 10.0.40219.1
Project("{FAE04EC0-301F-11D3-BF4B-00C04F79EFBC}") = "QT1", "QT1\QT1.csproj", "{2E7866E3-DCE4-4321-B65F-638CC364BB3A}"
EndProject
Project("{FAE04EC0-301F-11D3-BF4B-00C04F79EFBC}") = "QT2", "QT2\QT2.csproj", "{F2C455FB-627C-4071-924D-8F643CC08BBA}"
EndProject
Project("{FAE04EC0-301F-11D3-BF4B-00C04F79EFBC}") = "QT3", "QT3\QT3.csproj", "{0CB2A29F-7089-48DA-9EB8-81C424D309D1}"
EndProject
Project("{FAE04EC0-301F-11D3-BF4B-00C04F79EFBC}") = "QT4", "QT4\QT4.csproj", "{C46F64F0-103F-4D0C-ABCB-00CE363FB591}"
EndProject
Project("{FAE04EC0-301F-11D3-BF4B-00C04F79EFBC}") = "QT5", "QT5\QT5.csproj", "{E8BC8422-C98D-4F27-BFAC-199288295FDB}"
EndProject
Project("{FAE04EC0-301F-11D3-BF4B-00C04F79EFBC}") = "QT6", "QT6\QT6.csproj", "{03572630-4626-4605-984B-03F798E3C86B}"
EndProject
Project("{FAE04EC0-301F-11D3-BF4B-00C04F79EFBC}") = "QT7", "QT7\QT7.csproj", "{2FB6E09A-4E1D-4EC4-BE88-DFE8DAAD5744}"
EndProject
Project("{FAE04EC0-301F-11D3-BF4B-00C04F79EFBC}") = "QT8", "QT8\QT8.csproj", "{32167139-736A-4F43-808E-8688A598F000}"
EndProject
Project("{FAE04EC0-301F-11D3-BF4B-00C04F79EFBC}") = "QT9", "QT9\QT9.csproj", "{EB2801CE-AEFC-4F08-A1E1-6B9D0BB9E34B}"
EndProject
Project("{FAE04EC0-301F-11D3-BF4B-00C04F79EFBC}") = "QT10", "QT10\QT10.csproj", "{60260FAF-81F1-49D2-8805-6D6A261BD99F}"
EndProject
Global
	GlobalSection(SolutionConfigurationPlatforms) = preSolution
		Debug|Any CPU = Debug|Any CPU
		Release|Any CPU = Release|Any CPU
	EndGlobalSection
	GlobalSection(SolutionProperties) = preSolution
		HideSolutionNode = FALSE
	EndGlobalSection
	GlobalSection(ProjectConfigurationPlatforms) = postSolution
		{2E7866E3-DCE4-4321-B65F-638CC364BB3A}.Debug|Any CPU.ActiveCfg = Debug|Any CPU
		{2E7866E3-DCE4-4321-B65F-638CC364BB3A}.Debug|Any CPU.Build.0 = Debug|Any CPU
		{2E7866E3-DCE4-4321-B65F-638CC364BB3A}.Release|Any CPU.ActiveCfg = Release|Any CPU
		{2E7866E3-DCE4-4321-B65F-638CC364BB3A}.Release|Any CPU.Build.0 = Release|Any CPU
		{F2C455FB-627C-4071-924D-8F643CC08BBA}.Debug|Any CPU.ActiveCfg = Debug|Any CPU
		{F2C455FB-627C-4071-924D-8F643CC08BBA}.Debug|Any CPU.Build.0 = Debug|Any CPU
		{F2C455FB-627C-4071-924D-8F643CC08BBA}.Release|Any CPU.ActiveCfg = Release|Any CPU
		{F2C455FB-627C-4071-924D-8F643CC08BBA}.Release|Any CPU.Build.0 = Release|Any CPU
		{0CB2A29F-7089-48DA-9EB8-81C424D309D1}.Debug|Any CPU.ActiveCfg = Debug|Any CPU
		{0CB2A29F-7089-48DA-9EB8-81C424D309D1}.Debug|Any CPU.Build.0 = Debug|Any CPU
		{0CB2A29F-7089-48DA-9EB8-81C424D309D1}.Release|Any CPU.ActiveCfg = Release|Any CPU
		{0CB2A29F-7089-48DA-9EB8-81C424D309D1}.Release|Any CPU.Build.0 = Release|Any CPU
		{C46F64F0-103F-4D0C-ABCB-00CE363FB591}.Debug|Any CPU.ActiveCfg = Debug|Any CPU
		{C46F64F0-103F-4D0C-ABCB-00CE363FB591}.Debug|Any CPU.Build.0 = Debug|Any CPU
		{C46F64F0-103F-4D0C-ABCB-00CE363FB591}.Release|Any CPU.ActiveCfg = Release|Any CPU
		{C46F64F0-103F-4D0C-ABCB-00CE363FB591}.Release|Any CPU.Build.0 = Release|Any CPU
		{E8BC8422-C98D-4F27-BFAC-199288295FDB}.Debug|Any CPU.ActiveCfg = Debug|Any CPU
		{E8BC8422-C98D-4F27-BFAC-199288295FDB}.Debug|Any CPU.Build.0 = Debug|Any CPU
		{E8BC8422-C98D-4F27-BFAC-199288295FDB}.Release|Any CPU.ActiveCfg = Release|Any CPU
		{E8BC8422-C98D-4F27-BFAC-199288295FDB}.Release|Any CPU.Build.0 = Release|Any CPU
		{03572630-4626-4605-984B-03F798E3C86B}.Debug|Any CPU.ActiveCfg = Debug|Any CPU
		{03572630-4626-4605-984B-03F798E3C86B}.Debug|Any CPU.Build.0 = Debug|Any CPU
		{03572630-4626-4605-984B-03F798E3C86B}.Release|Any CPU.ActiveCfg = Release|Any CPU
		{03572630-4626-4605-984B-03F798E3C86B}.Release|Any CPU.Build.0 = Release|Any CPU
		{2FB6E09A-4E1D-4EC4-BE88-DFE8DAAD5744}.Debug|Any CPU.ActiveCfg = Debug|Any CPU
		{2FB6E09A-4E1D-4EC4-BE88-DFE8DAAD5744}.Debug|Any CPU.Build.0 = Debug|Any CPU
		{2FB6E09A-4E1D-4EC4-BE88-DFE8DAAD5744}.Release|Any CPU.ActiveCfg = Release|Any CPU
		{2FB6E09A-4E1D-4EC4-BE88-DFE8DAAD5744}.Release|Any CPU.Build.0 = Release|Any CPU
		{32167139-736A-4F43-808E-8688A598F000}.Debug|Any CPU.ActiveCfg = Debug|Any CPU
		{32167139-736A-4F43-808E-8688A598F000}.Debug|Any CPU.Build.0 = Debug|Any CPU
		{32167139-736A-4F43-808E-8688A598F000}.Release|Any CPU.ActiveCfg = Release|Any CPU
		{32167139-736A-4F43-808E-8688A598F000}.Release|Any CPU.Build.0 = Release|Any CPU
		{EB2801CE-AEFC-4F08-A1E1-6B9D0BB9E34B}.Debug|Any CPU.ActiveCfg = Debug|Any CPU
		{EB2801CE-AEFC-4F08-A1E1-6B9D0BB9E34B}.Debug|Any CPU.Build.0 = Debug|Any CPU
		{EB2801CE-AEFC-4F08-A1E1-6B9D0BB9E34B}.Release|Any CPU.ActiveCfg = Release|Any CPU
		{EB2801CE-AEFC-4F08-A1E1-6B9D0BB9E34B}.Release|Any CPU.Build.0 = Release|Any CPU
		{60260FAF-81F1-49D2-8805-6D6A261BD99F}.Debug|Any CPU.ActiveCfg = Debug|Any CPU
		{60260FAF-81F1-49D2-8805-6D6A261BD99F}.Debug|Any CPU.Build.0 = Debug|Any CPU
		{60260FAF-81F1-49D2-8805-6D6A261BD99F}.Release|Any CPU.ActiveCfg = Release|Any CPU
		{60260FAF-81F1-49D2-8805-6D6A261BD99F}.Release|Any CPU.Build.0 = Release|Any CPU
	EndGlobalSection
EndGlobal
